
Microsoft Visual Studio Solution File, Format Version 12.00
# Visual Studio 2013
VisualStudioVersion = 12.0.21005.1
MinimumVisualStudioVersion = 10.0.40219.1
Project("{FAE04EC0-301F-11D3-BF4B-00C04F79EFBC}") = "7.bonus-tochki", "7.bonus-tochki\7.bonus-tochki.csproj", "{8B64D4CE-AF06-4BC2-B086-BAE16EA162A7}"
EndProject
Project("{FAE04EC0-301F-11D3-BF4B-00C04F79EFBC}") = "8", "8\8.csproj", "{6B07E898-40BB-4461-A8D4-3DFFBD1473B6}"
EndProject
Project("{FAE04EC0-301F-11D3-BF4B-00C04F79EFBC}") = "9", "9\9.csproj", "{0AC9F973-BC78-4686-8A57-87B2CDE18B61}"
EndProject
Project("{FAE04EC0-301F-11D3-BF4B-00C04F79EFBC}") = "11", "11\11.csproj", "{EE08D7BC-8F5A-46AF-A577-026A3C30E16A}"
EndProject
Project("{FAE04EC0-301F-11D3-BF4B-00C04F79EFBC}") = "speed", "speed\speed.csproj", "{BF8BE72F-62BE-480C-B702-601A1CBE0B3D}"
EndProject
Project("{FAE04EC0-301F-11D3-BF4B-00C04F79EFBC}") = "figuri", "figuri\figuri.csproj", "{84ABDB7F-6C00-4656-A47B-541674B4B145}"
EndProject
Project("{FAE04EC0-301F-11D3-BF4B-00C04F79EFBC}") = "time+15", "time+15\time+15.csproj", "{BE016652-3CEA-49A3-AECF-8D5DE76B16DC}"
EndProject
Project("{FAE04EC0-301F-11D3-BF4B-00C04F79EFBC}") = "13", "13\13.csproj", "{8954DD19-5AB0-475A-8D79-F4CC091E675F}"
EndProject
Project("{FAE04EC0-301F-11D3-BF4B-00C04F79EFBC}") = "19", "19\19.csproj", "{62935A50-16A2-40C2-AF5C-E9FB84198D57}"
EndProject
Project("{FAE04EC0-301F-11D3-BF4B-00C04F79EFBC}") = "20", "20\20.csproj", "{4F978D43-D140-491A-A392-A5439DF129B2}"
EndProject
Project("{FAE04EC0-301F-11D3-BF4B-00C04F79EFBC}") = "21", "21\21.csproj", "{2597FCF2-3090-4470-8C55-0B070361BD19}"
EndProject
Project("{FAE04EC0-301F-11D3-BF4B-00C04F79EFBC}") = "22", "22\22.csproj", "{E17C56A5-C94B-462C-BA7E-2FEC3B66632C}"
EndProject
Project("{FAE04EC0-301F-11D3-BF4B-00C04F79EFBC}") = "Currency-Converter", "Currency-Converter\Currency-Converter.csproj", "{21845F30-6036-4385-8008-636C9D65171E}"
EndProject
Project("{FAE04EC0-301F-11D3-BF4B-00C04F79EFBC}") = "exercise.7.bonus.tochki", "exercise\exercise.7.bonus.tochki.csproj", "{E12AB1E0-EAFE-4A24-A02A-3E8347A97586}"
EndProject
Project("{FAE04EC0-301F-11D3-BF4B-00C04F79EFBC}") = "9.password", "9.password\9.password.csproj", "{5181C0D3-9967-4E57-8F20-00907CDA2EC4}"
EndProject
Project("{FAE04EC0-301F-11D3-BF4B-00C04F79EFBC}") = "time+15.exercise", "time+15.exercise\time+15.exercise.csproj", "{42D34935-1D4C-4C3A-A010-A42666FEB4F1}"
EndProject
Global
	GlobalSection(SolutionConfigurationPlatforms) = preSolution
		Debug|Any CPU = Debug|Any CPU
		Release|Any CPU = Release|Any CPU
	EndGlobalSection
	GlobalSection(ProjectConfigurationPlatforms) = postSolution
		{8B64D4CE-AF06-4BC2-B086-BAE16EA162A7}.Debug|Any CPU.ActiveCfg = Debug|Any CPU
		{8B64D4CE-AF06-4BC2-B086-BAE16EA162A7}.Debug|Any CPU.Build.0 = Debug|Any CPU
		{8B64D4CE-AF06-4BC2-B086-BAE16EA162A7}.Release|Any CPU.ActiveCfg = Release|Any CPU
		{8B64D4CE-AF06-4BC2-B086-BAE16EA162A7}.Release|Any CPU.Build.0 = Release|Any CPU
		{6B07E898-40BB-4461-A8D4-3DFFBD1473B6}.Debug|Any CPU.ActiveCfg = Debug|Any CPU
		{6B07E898-40BB-4461-A8D4-3DFFBD1473B6}.Debug|Any CPU.Build.0 = Debug|Any CPU
		{6B07E898-40BB-4461-A8D4-3DFFBD1473B6}.Release|Any CPU.ActiveCfg = Release|Any CPU
		{6B07E898-40BB-4461-A8D4-3DFFBD1473B6}.Release|Any CPU.Build.0 = Release|Any CPU
		{0AC9F973-BC78-4686-8A57-87B2CDE18B61}.Debug|Any CPU.ActiveCfg = Debug|Any CPU
		{0AC9F973-BC78-4686-8A57-87B2CDE18B61}.Debug|Any CPU.Build.0 = Debug|Any CPU
		{0AC9F973-BC78-4686-8A57-87B2CDE18B61}.Release|Any CPU.ActiveCfg = Release|Any CPU
		{0AC9F973-BC78-4686-8A57-87B2CDE18B61}.Release|Any CPU.Build.0 = Release|Any CPU
		{EE08D7BC-8F5A-46AF-A577-026A3C30E16A}.Debug|Any CPU.ActiveCfg = Debug|Any CPU
		{EE08D7BC-8F5A-46AF-A577-026A3C30E16A}.Debug|Any CPU.Build.0 = Debug|Any CPU
		{EE08D7BC-8F5A-46AF-A577-026A3C30E16A}.Release|Any CPU.ActiveCfg = Release|Any CPU
		{EE08D7BC-8F5A-46AF-A577-026A3C30E16A}.Release|Any CPU.Build.0 = Release|Any CPU
		{BF8BE72F-62BE-480C-B702-601A1CBE0B3D}.Debug|Any CPU.ActiveCfg = Debug|Any CPU
		{BF8BE72F-62BE-480C-B702-601A1CBE0B3D}.Debug|Any CPU.Build.0 = Debug|Any CPU
		{BF8BE72F-62BE-480C-B702-601A1CBE0B3D}.Release|Any CPU.ActiveCfg = Release|Any CPU
		{BF8BE72F-62BE-480C-B702-601A1CBE0B3D}.Release|Any CPU.Build.0 = Release|Any CPU
		{84ABDB7F-6C00-4656-A47B-541674B4B145}.Debug|Any CPU.ActiveCfg = Debug|Any CPU
		{84ABDB7F-6C00-4656-A47B-541674B4B145}.Debug|Any CPU.Build.0 = Debug|Any CPU
		{84ABDB7F-6C00-4656-A47B-541674B4B145}.Release|Any CPU.ActiveCfg = Release|Any CPU
		{84ABDB7F-6C00-4656-A47B-541674B4B145}.Release|Any CPU.Build.0 = Release|Any CPU
		{BE016652-3CEA-49A3-AECF-8D5DE76B16DC}.Debug|Any CPU.ActiveCfg = Debug|Any CPU
		{BE016652-3CEA-49A3-AECF-8D5DE76B16DC}.Debug|Any CPU.Build.0 = Debug|Any CPU
		{BE016652-3CEA-49A3-AECF-8D5DE76B16DC}.Release|Any CPU.ActiveCfg = Release|Any CPU
		{BE016652-3CEA-49A3-AECF-8D5DE76B16DC}.Release|Any CPU.Build.0 = Release|Any CPU
		{8954DD19-5AB0-475A-8D79-F4CC091E675F}.Debug|Any CPU.ActiveCfg = Debug|Any CPU
		{8954DD19-5AB0-475A-8D79-F4CC091E675F}.Debug|Any CPU.Build.0 = Debug|Any CPU
		{8954DD19-5AB0-475A-8D79-F4CC091E675F}.Release|Any CPU.ActiveCfg = Release|Any CPU
		{8954DD19-5AB0-475A-8D79-F4CC091E675F}.Release|Any CPU.Build.0 = Release|Any CPU
		{62935A50-16A2-40C2-AF5C-E9FB84198D57}.Debug|Any CPU.ActiveCfg = Debug|Any CPU
		{62935A50-16A2-40C2-AF5C-E9FB84198D57}.Debug|Any CPU.Build.0 = Debug|Any CPU
		{62935A50-16A2-40C2-AF5C-E9FB84198D57}.Release|Any CPU.ActiveCfg = Release|Any CPU
		{62935A50-16A2-40C2-AF5C-E9FB84198D57}.Release|Any CPU.Build.0 = Release|Any CPU
		{4F978D43-D140-491A-A392-A5439DF129B2}.Debug|Any CPU.ActiveCfg = Debug|Any CPU
		{4F978D43-D140-491A-A392-A5439DF129B2}.Debug|Any CPU.Build.0 = Debug|Any CPU
		{4F978D43-D140-491A-A392-A5439DF129B2}.Release|Any CPU.ActiveCfg = Release|Any CPU
		{4F978D43-D140-491A-A392-A5439DF129B2}.Release|Any CPU.Build.0 = Release|Any CPU
		{2597FCF2-3090-4470-8C55-0B070361BD19}.Debug|Any CPU.ActiveCfg = Debug|Any CPU
		{2597FCF2-3090-4470-8C55-0B070361BD19}.Debug|Any CPU.Build.0 = Debug|Any CPU
		{2597FCF2-3090-4470-8C55-0B070361BD19}.Release|Any CPU.ActiveCfg = Release|Any CPU
		{2597FCF2-3090-4470-8C55-0B070361BD19}.Release|Any CPU.Build.0 = Release|Any CPU
		{E17C56A5-C94B-462C-BA7E-2FEC3B66632C}.Debug|Any CPU.ActiveCfg = Debug|Any CPU
		{E17C56A5-C94B-462C-BA7E-2FEC3B66632C}.Debug|Any CPU.Build.0 = Debug|Any CPU
		{E17C56A5-C94B-462C-BA7E-2FEC3B66632C}.Release|Any CPU.ActiveCfg = Release|Any CPU
		{E17C56A5-C94B-462C-BA7E-2FEC3B66632C}.Release|Any CPU.Build.0 = Release|Any CPU
		{21845F30-6036-4385-8008-636C9D65171E}.Debug|Any CPU.ActiveCfg = Debug|Any CPU
		{21845F30-6036-4385-8008-636C9D65171E}.Debug|Any CPU.Build.0 = Debug|Any CPU
		{21845F30-6036-4385-8008-636C9D65171E}.Release|Any CPU.ActiveCfg = Release|Any CPU
		{21845F30-6036-4385-8008-636C9D65171E}.Release|Any CPU.Build.0 = Release|Any CPU
		{E12AB1E0-EAFE-4A24-A02A-3E8347A97586}.Debug|Any CPU.ActiveCfg = Debug|Any CPU
		{E12AB1E0-EAFE-4A24-A02A-3E8347A97586}.Debug|Any CPU.Build.0 = Debug|Any CPU
		{E12AB1E0-EAFE-4A24-A02A-3E8347A97586}.Release|Any CPU.ActiveCfg = Release|Any CPU
		{E12AB1E0-EAFE-4A24-A02A-3E8347A97586}.Release|Any CPU.Build.0 = Release|Any CPU
		{5181C0D3-9967-4E57-8F20-00907CDA2EC4}.Debug|Any CPU.ActiveCfg = Debug|Any CPU
		{5181C0D3-9967-4E57-8F20-00907CDA2EC4}.Debug|Any CPU.Build.0 = Debug|Any CPU
		{5181C0D3-9967-4E57-8F20-00907CDA2EC4}.Release|Any CPU.ActiveCfg = Release|Any CPU
		{5181C0D3-9967-4E57-8F20-00907CDA2EC4}.Release|Any CPU.Build.0 = Release|Any CPU
		{42D34935-1D4C-4C3A-A010-A42666FEB4F1}.Debug|Any CPU.ActiveCfg = Debug|Any CPU
		{42D34935-1D4C-4C3A-A010-A42666FEB4F1}.Debug|Any CPU.Build.0 = Debug|Any CPU
		{42D34935-1D4C-4C3A-A010-A42666FEB4F1}.Release|Any CPU.ActiveCfg = Release|Any CPU
		{42D34935-1D4C-4C3A-A010-A42666FEB4F1}.Release|Any CPU.Build.0 = Release|Any CPU
	EndGlobalSection
	GlobalSection(SolutionProperties) = preSolution
		HideSolutionNode = FALSE
	EndGlobalSection
EndGlobal
